{
  "nodes": {
    "ctfmgntSrc": {
      "flake": false,
      "locked": {
        "lastModified": 1720729860,
        "narHash": "sha256-0apmN1Gt2EnsBotbBlPsP2wQxqK0p5Y5VD5waRxYaq8=",
        "owner": "Mickael-Roger",
        "repo": "ctf-mgnt",
        "rev": "6869a4ee4ce9d353997c2b369b08c7e3cc3a14ac",
        "type": "github"
      },
      "original": {
        "owner": "Mickael-Roger",
        "ref": "0.3",
        "repo": "ctf-mgnt",
        "type": "github"
      }
    },
    "esp32-idf-src": {
      "flake": false,
      "locked": {
        "lastModified": 1729678934,
        "narHash": "sha256-fSyXeWJ+9IVJJvZztu1suJm/zp/FgfAzh8RVoveVssQ=",
        "owner": "mirrexagon",
        "repo": "nixpkgs-esp-dev",
        "rev": "3f748af71ac7890e1f860801fdca2beef65e8353",
        "type": "github"
      },
      "original": {
        "owner": "mirrexagon",
        "repo": "nixpkgs-esp-dev",
        "type": "github"
      }
    },
    "home-manager": {
      "inputs": {
        "nixpkgs": [
          "nixpkgs"
        ]
      },
      "locked": {
        "lastModified": 1730016908,
        "narHash": "sha256-bFCxJco7d8IgmjfNExNz9knP8wvwbXU4s/d53KOK6U0=",
        "owner": "nix-community",
        "repo": "home-manager",
        "rev": "e83414058edd339148dc142a8437edb9450574c8",
        "type": "github"
      },
      "original": {
        "owner": "nix-community",
        "repo": "home-manager",
        "type": "github"
      }
    },
    "nixpkgs": {
      "locked": {
        "lastModified": 1729973466,
        "narHash": "sha256-knnVBGfTCZlQgxY1SgH0vn2OyehH9ykfF8geZgS95bk=",
        "owner": "NixOS",
        "repo": "nixpkgs",
        "rev": "cd3e8833d70618c4eea8df06f95b364b016d4950",
        "type": "github"
      },
      "original": {
        "owner": "NixOS",
        "ref": "nixos-24.05",
        "repo": "nixpkgs",
        "type": "github"
      }
    },
    "nixpkgs-unstable": {
      "locked": {
        "lastModified": 1729880355,
        "narHash": "sha256-RP+OQ6koQQLX5nw0NmcDrzvGL8HDLnyXt/jHhL1jwjM=",
        "owner": "NixOS",
        "repo": "nixpkgs",
        "rev": "18536bf04cd71abd345f9579158841376fdd0c5a",
        "type": "github"
      },
      "original": {
        "owner": "NixOS",
        "ref": "nixos-unstable",
        "repo": "nixpkgs",
        "type": "github"
      }
    },
    "nur-repo": {
      "locked": {
        "lastModified": 1730186143,
        "narHash": "sha256-5wi2z2JQp6jhGu1YB1CI0jmLt1knjh8LGQ8lkU0DJgs=",
        "owner": "nix-community",
        "repo": "NUR",
        "rev": "47b74dec0590af547549be4d70d43d8245ef3832",
        "type": "github"
      },
      "original": {
        "owner": "nix-community",
        "repo": "NUR",
        "type": "github"
      }
    },
    "root": {
      "inputs": {
        "ctfmgntSrc": "ctfmgntSrc",
        "esp32-idf-src": "esp32-idf-src",
        "home-manager": "home-manager",
        "nixpkgs": "nixpkgs",
        "nixpkgs-unstable": "nixpkgs-unstable",
        "nur-repo": "nur-repo",
        "secretSrc": "secretSrc"
      }
    },
    "secretSrc": {
      "flake": false,
      "locked": {
        "lastModified": 1730192442,
        "narHash": "sha256-PZ3Vg7TQSoSyu6+74GZP43hi1Fn7oyN6ez+olheUve8=",
        "ref": "refs/heads/master",
        "rev": "2774515e59d8443e52c610f81a209f699ffb01d1",
        "revCount": 3,
        "type": "git",
        "url": "ssh://git@github.com/Mickael-Roger/secrets"
      },
      "original": {
        "type": "git",
        "url": "ssh://git@github.com/Mickael-Roger/secrets"
      }
    }
  },
  "root": "root",
  "version": 7
}
