{
  "nodes": {
    "ctfmgntSrc": {
      "flake": false,
      "locked": {
        "lastModified": 1720729860,
        "narHash": "sha256-0apmN1Gt2EnsBotbBlPsP2wQxqK0p5Y5VD5waRxYaq8=",
        "owner": "Mickael-Roger",
        "repo": "ctf-mgnt",
        "rev": "6869a4ee4ce9d353997c2b369b08c7e3cc3a14ac",
        "type": "github"
      },
      "original": {
        "owner": "Mickael-Roger",
        "ref": "0.3",
        "repo": "ctf-mgnt",
        "type": "github"
      }
    },
    "esp32-idf-src": {
      "flake": false,
      "locked": {
        "lastModified": 1729678934,
        "narHash": "sha256-fSyXeWJ+9IVJJvZztu1suJm/zp/FgfAzh8RVoveVssQ=",
        "owner": "mirrexagon",
        "repo": "nixpkgs-esp-dev",
        "rev": "3f748af71ac7890e1f860801fdca2beef65e8353",
        "type": "github"
      },
      "original": {
        "owner": "mirrexagon",
        "repo": "nixpkgs-esp-dev",
        "type": "github"
      }
    },
    "home-manager": {
      "inputs": {
        "nixpkgs": [
          "nixpkgs"
        ]
      },
      "locked": {
        "lastModified": 1730837930,
        "narHash": "sha256-0kZL4m+bKBJUBQse0HanewWO0g8hDdCvBhudzxgehqc=",
        "owner": "nix-community",
        "repo": "home-manager",
        "rev": "2f607e07f3ac7e53541120536708e824acccfaa8",
        "type": "github"
      },
      "original": {
        "owner": "nix-community",
        "repo": "home-manager",
        "type": "github"
      }
    },
    "nixpkgs": {
      "locked": {
        "lastModified": 1735563628,
        "narHash": "sha256-OnSAY7XDSx7CtDoqNh8jwVwh4xNL/2HaJxGjryLWzX8=",
        "owner": "NixOS",
        "repo": "nixpkgs",
        "rev": "b134951a4c9f3c995fd7be05f3243f8ecd65d798",
        "type": "github"
      },
      "original": {
        "owner": "NixOS",
        "ref": "nixos-24.05",
        "repo": "nixpkgs",
        "type": "github"
      }
    },
    "nixpkgs-unstable": {
      "locked": {
        "lastModified": 1730785428,
        "narHash": "sha256-Zwl8YgTVJTEum+L+0zVAWvXAGbWAuXHax3KzuejaDyo=",
        "owner": "NixOS",
        "repo": "nixpkgs",
        "rev": "4aa36568d413aca0ea84a1684d2d46f55dbabad7",
        "type": "github"
      },
      "original": {
        "owner": "NixOS",
        "ref": "nixos-unstable",
        "repo": "nixpkgs",
        "type": "github"
      }
    },
    "nur-repo": {
      "locked": {
        "lastModified": 1731177199,
        "narHash": "sha256-C99JI1nnLGEG6TWDlHTyxcuPTNNPakIcvUjlkFJA7rk=",
        "owner": "nix-community",
        "repo": "NUR",
        "rev": "3f335d1febbcea794cf5104725b4944d0d4b2066",
        "type": "github"
      },
      "original": {
        "owner": "nix-community",
        "repo": "NUR",
        "type": "github"
      }
    },
    "root": {
      "inputs": {
        "ctfmgntSrc": "ctfmgntSrc",
        "esp32-idf-src": "esp32-idf-src",
        "home-manager": "home-manager",
        "nixpkgs": "nixpkgs",
        "nixpkgs-unstable": "nixpkgs-unstable",
        "nur-repo": "nur-repo",
        "secretSrc": "secretSrc"
      }
    },
    "secretSrc": {
      "flake": false,
      "locked": {
        "lastModified": 1735808590,
        "narHash": "sha256-YnncOaea0005X7eb7mJ5Z3mSqgMfqveVWoYCodeTrWs=",
        "ref": "refs/heads/master",
        "rev": "5de92b3058f197bea1417a77581b73d6a87c1133",
        "revCount": 8,
        "type": "git",
        "url": "ssh://git@github.com/Mickael-Roger/secrets"
      },
      "original": {
        "type": "git",
        "url": "ssh://git@github.com/Mickael-Roger/secrets"
      }
    }
  },
  "root": "root",
  "version": 7
}
